
Microsoft Visual Studio Solution File, Format Version 12.00
# Visual Studio Version 17
VisualStudioVersion = 17.14.36623.8
MinimumVisualStudioVersion = 10.0.40219.1
Project("{FAE04EC0-301F-11D3-BF4B-00C04F79EFBC}") = "Core.Host", "DayZServerManager\Core.Host.csproj", "{FEAE9922-5DE3-4AF0-B2EF-0CFE4EF6092B}"
EndProject
Project("{FAE04EC0-301F-11D3-BF4B-00C04F79EFBC}") = "Core.Common", "Core.Common\Core.Common.csproj", "{20648C40-96D8-47BB-8725-492CFD87F56C}"
EndProject
Project("{FAE04EC0-301F-11D3-BF4B-00C04F79EFBC}") = "Core.Logging", "Core.Logging\Core.Logging.csproj", "{1CE617DD-FAAA-47D6-AC37-1C2789EA3851}"
EndProject
Project("{FAE04EC0-301F-11D3-BF4B-00C04F79EFBC}") = "Core.Domain", "Core.Domain\Core.Domain.csproj", "{3275FCF4-6C70-4629-8FC5-6450FF88616F}"
EndProject
Project("{FAE04EC0-301F-11D3-BF4B-00C04F79EFBC}") = "Core.Infrastructure", "Core.Infrastructure\Core.Infrastructure.csproj", "{B5B52B87-B2FC-4F27-9A64-F519FA19CCA9}"
EndProject
Project("{FAE04EC0-301F-11D3-BF4B-00C04F79EFBC}") = "Modules.ConfigService", "Modules.ConfigService\Modules.ConfigService.csproj", "{27324922-624F-4A06-BBFE-288DBE3AF01D}"
EndProject
Project("{FAE04EC0-301F-11D3-BF4B-00C04F79EFBC}") = "Modules.InstanceRegistry", "Modules.InstanceRegistry\Modules.InstanceRegistry.csproj", "{8D14008D-54E2-43DF-B6FC-1CFE72550276}"
EndProject
Project("{FAE04EC0-301F-11D3-BF4B-00C04F79EFBC}") = "Modules.ProcessControl", "Modules.ProcessControl\Modules.ProcessControl.csproj", "{ECF5958A-58DB-48AD-8817-86BA01869F9D}"
EndProject
Project("{FAE04EC0-301F-11D3-BF4B-00C04F79EFBC}") = "Modules.Monitoring", "Modules.Monitoring\Modules.Monitoring.csproj", "{50E9080B-21D9-4FA0-9A26-4AF1EFDB906C}"
EndProject
Project("{FAE04EC0-301F-11D3-BF4B-00C04F79EFBC}") = "Modules.RconService", "Modules.RconService\Modules.RconService.csproj", "{65C953A0-5338-4B4F-8B4A-B274B06AE7F9}"
EndProject
Project("{FAE04EC0-301F-11D3-BF4B-00C04F79EFBC}") = "Modules.RestartOrchestrator", "Modules.RestartOrchestrator\Modules.RestartOrchestrator.csproj", "{A6B43FE8-D319-4A80-B8E4-6CD3D6AF79DF}"
EndProject
Project("{FAE04EC0-301F-11D3-BF4B-00C04F79EFBC}") = "Modules.ModUpdateService", "Modules.ModUpdateService\Modules.ModUpdateService.csproj", "{593ED964-4606-4D26-9922-CB7333DA5173}"
EndProject
Project("{FAE04EC0-301F-11D3-BF4B-00C04F79EFBC}") = "Modules.DiscordNotifier", "Modules.DiscordNotifier\Modules.DiscordNotifier.csproj", "{E2E3C7D7-C913-4113-9635-A4B2E3F30FD1}"
EndProject
Project("{FAE04EC0-301F-11D3-BF4B-00C04F79EFBC}") = "Modules.WebApi", "Modules.WebApi\Modules.WebApi.csproj", "{5150F810-C012-C7D4-B0DF-1CE2FDCCF907}"
EndProject
Project("{FAE04EC0-301F-11D3-BF4B-00C04F79EFBC}") = "Modules.ProvisioningService", "Modules.ProvisioningService\Modules.ProvisioningService.csproj", "{7B93DB94-9ADB-4619-8E1C-91D138967E99}"
EndProject
Global
	GlobalSection(SolutionConfigurationPlatforms) = preSolution
		Debug|Any CPU = Debug|Any CPU
		Release|Any CPU = Release|Any CPU
	EndGlobalSection
	GlobalSection(ProjectConfigurationPlatforms) = postSolution
		{FEAE9922-5DE3-4AF0-B2EF-0CFE4EF6092B}.Debug|Any CPU.ActiveCfg = Debug|Any CPU
		{FEAE9922-5DE3-4AF0-B2EF-0CFE4EF6092B}.Debug|Any CPU.Build.0 = Debug|Any CPU
		{FEAE9922-5DE3-4AF0-B2EF-0CFE4EF6092B}.Release|Any CPU.ActiveCfg = Release|Any CPU
		{FEAE9922-5DE3-4AF0-B2EF-0CFE4EF6092B}.Release|Any CPU.Build.0 = Release|Any CPU
		{20648C40-96D8-47BB-8725-492CFD87F56C}.Debug|Any CPU.ActiveCfg = Debug|Any CPU
		{20648C40-96D8-47BB-8725-492CFD87F56C}.Debug|Any CPU.Build.0 = Debug|Any CPU
		{20648C40-96D8-47BB-8725-492CFD87F56C}.Release|Any CPU.ActiveCfg = Release|Any CPU
		{20648C40-96D8-47BB-8725-492CFD87F56C}.Release|Any CPU.Build.0 = Release|Any CPU
		{1CE617DD-FAAA-47D6-AC37-1C2789EA3851}.Debug|Any CPU.ActiveCfg = Debug|Any CPU
		{1CE617DD-FAAA-47D6-AC37-1C2789EA3851}.Debug|Any CPU.Build.0 = Debug|Any CPU
		{1CE617DD-FAAA-47D6-AC37-1C2789EA3851}.Release|Any CPU.ActiveCfg = Release|Any CPU
		{1CE617DD-FAAA-47D6-AC37-1C2789EA3851}.Release|Any CPU.Build.0 = Release|Any CPU
		{3275FCF4-6C70-4629-8FC5-6450FF88616F}.Debug|Any CPU.ActiveCfg = Debug|Any CPU
		{3275FCF4-6C70-4629-8FC5-6450FF88616F}.Debug|Any CPU.Build.0 = Debug|Any CPU
		{3275FCF4-6C70-4629-8FC5-6450FF88616F}.Release|Any CPU.ActiveCfg = Release|Any CPU
		{3275FCF4-6C70-4629-8FC5-6450FF88616F}.Release|Any CPU.Build.0 = Release|Any CPU
		{B5B52B87-B2FC-4F27-9A64-F519FA19CCA9}.Debug|Any CPU.ActiveCfg = Debug|Any CPU
		{B5B52B87-B2FC-4F27-9A64-F519FA19CCA9}.Debug|Any CPU.Build.0 = Debug|Any CPU
		{B5B52B87-B2FC-4F27-9A64-F519FA19CCA9}.Release|Any CPU.ActiveCfg = Release|Any CPU
		{B5B52B87-B2FC-4F27-9A64-F519FA19CCA9}.Release|Any CPU.Build.0 = Release|Any CPU
		{27324922-624F-4A06-BBFE-288DBE3AF01D}.Debug|Any CPU.ActiveCfg = Debug|Any CPU
		{27324922-624F-4A06-BBFE-288DBE3AF01D}.Debug|Any CPU.Build.0 = Debug|Any CPU
		{27324922-624F-4A06-BBFE-288DBE3AF01D}.Release|Any CPU.ActiveCfg = Release|Any CPU
		{27324922-624F-4A06-BBFE-288DBE3AF01D}.Release|Any CPU.Build.0 = Release|Any CPU
		{8D14008D-54E2-43DF-B6FC-1CFE72550276}.Debug|Any CPU.ActiveCfg = Debug|Any CPU
		{8D14008D-54E2-43DF-B6FC-1CFE72550276}.Debug|Any CPU.Build.0 = Debug|Any CPU
		{8D14008D-54E2-43DF-B6FC-1CFE72550276}.Release|Any CPU.ActiveCfg = Release|Any CPU
		{8D14008D-54E2-43DF-B6FC-1CFE72550276}.Release|Any CPU.Build.0 = Release|Any CPU
		{ECF5958A-58DB-48AD-8817-86BA01869F9D}.Debug|Any CPU.ActiveCfg = Debug|Any CPU
		{ECF5958A-58DB-48AD-8817-86BA01869F9D}.Debug|Any CPU.Build.0 = Debug|Any CPU
		{ECF5958A-58DB-48AD-8817-86BA01869F9D}.Release|Any CPU.ActiveCfg = Release|Any CPU
		{ECF5958A-58DB-48AD-8817-86BA01869F9D}.Release|Any CPU.Build.0 = Release|Any CPU
		{50E9080B-21D9-4FA0-9A26-4AF1EFDB906C}.Debug|Any CPU.ActiveCfg = Debug|Any CPU
		{50E9080B-21D9-4FA0-9A26-4AF1EFDB906C}.Debug|Any CPU.Build.0 = Debug|Any CPU
		{50E9080B-21D9-4FA0-9A26-4AF1EFDB906C}.Release|Any CPU.ActiveCfg = Release|Any CPU
		{50E9080B-21D9-4FA0-9A26-4AF1EFDB906C}.Release|Any CPU.Build.0 = Release|Any CPU
		{65C953A0-5338-4B4F-8B4A-B274B06AE7F9}.Debug|Any CPU.ActiveCfg = Debug|Any CPU
		{65C953A0-5338-4B4F-8B4A-B274B06AE7F9}.Debug|Any CPU.Build.0 = Debug|Any CPU
		{65C953A0-5338-4B4F-8B4A-B274B06AE7F9}.Release|Any CPU.ActiveCfg = Release|Any CPU
		{65C953A0-5338-4B4F-8B4A-B274B06AE7F9}.Release|Any CPU.Build.0 = Release|Any CPU
		{A6B43FE8-D319-4A80-B8E4-6CD3D6AF79DF}.Debug|Any CPU.ActiveCfg = Debug|Any CPU
		{A6B43FE8-D319-4A80-B8E4-6CD3D6AF79DF}.Debug|Any CPU.Build.0 = Debug|Any CPU
		{A6B43FE8-D319-4A80-B8E4-6CD3D6AF79DF}.Release|Any CPU.ActiveCfg = Release|Any CPU
		{A6B43FE8-D319-4A80-B8E4-6CD3D6AF79DF}.Release|Any CPU.Build.0 = Release|Any CPU
		{593ED964-4606-4D26-9922-CB7333DA5173}.Debug|Any CPU.ActiveCfg = Debug|Any CPU
		{593ED964-4606-4D26-9922-CB7333DA5173}.Debug|Any CPU.Build.0 = Debug|Any CPU
		{593ED964-4606-4D26-9922-CB7333DA5173}.Release|Any CPU.ActiveCfg = Release|Any CPU
		{593ED964-4606-4D26-9922-CB7333DA5173}.Release|Any CPU.Build.0 = Release|Any CPU
		{E2E3C7D7-C913-4113-9635-A4B2E3F30FD1}.Debug|Any CPU.ActiveCfg = Debug|Any CPU
		{E2E3C7D7-C913-4113-9635-A4B2E3F30FD1}.Debug|Any CPU.Build.0 = Debug|Any CPU
		{E2E3C7D7-C913-4113-9635-A4B2E3F30FD1}.Release|Any CPU.ActiveCfg = Release|Any CPU
		{E2E3C7D7-C913-4113-9635-A4B2E3F30FD1}.Release|Any CPU.Build.0 = Release|Any CPU
		{5150F810-C012-C7D4-B0DF-1CE2FDCCF907}.Debug|Any CPU.ActiveCfg = Debug|Any CPU
		{5150F810-C012-C7D4-B0DF-1CE2FDCCF907}.Debug|Any CPU.Build.0 = Debug|Any CPU
		{5150F810-C012-C7D4-B0DF-1CE2FDCCF907}.Release|Any CPU.ActiveCfg = Release|Any CPU
		{5150F810-C012-C7D4-B0DF-1CE2FDCCF907}.Release|Any CPU.Build.0 = Release|Any CPU
		{7B93DB94-9ADB-4619-8E1C-91D138967E99}.Debug|Any CPU.ActiveCfg = Debug|Any CPU
		{7B93DB94-9ADB-4619-8E1C-91D138967E99}.Debug|Any CPU.Build.0 = Debug|Any CPU
		{7B93DB94-9ADB-4619-8E1C-91D138967E99}.Release|Any CPU.ActiveCfg = Release|Any CPU
		{7B93DB94-9ADB-4619-8E1C-91D138967E99}.Release|Any CPU.Build.0 = Release|Any CPU
	EndGlobalSection
	GlobalSection(SolutionProperties) = preSolution
		HideSolutionNode = FALSE
	EndGlobalSection
	GlobalSection(ExtensibilityGlobals) = postSolution
		SolutionGuid = {E91E175F-9CE9-4D35-9B2D-2B35FDBC1B15}
	EndGlobalSection
EndGlobal
