
Microsoft Visual Studio Solution File, Format Version 12.00
# Visual Studio Version 17
VisualStudioVersion = 17.14.36623.8 d17.14
MinimumVisualStudioVersion = 10.0.40219.1
Project("{FAE04EC0-301F-11D3-BF4B-00C04F79EFBC}") = "DayZServerManager", "DayZServerManager\DayZServerManager.csproj", "{FEAE9922-5DE3-4AF0-B2EF-0CFE4EF6092B}"
EndProject
Global
	GlobalSection(SolutionConfigurationPlatforms) = preSolution
		Debug|Any CPU = Debug|Any CPU
		Release|Any CPU = Release|Any CPU
	EndGlobalSection
	GlobalSection(ProjectConfigurationPlatforms) = postSolution
		{FEAE9922-5DE3-4AF0-B2EF-0CFE4EF6092B}.Debug|Any CPU.ActiveCfg = Debug|Any CPU
		{FEAE9922-5DE3-4AF0-B2EF-0CFE4EF6092B}.Debug|Any CPU.Build.0 = Debug|Any CPU
		{FEAE9922-5DE3-4AF0-B2EF-0CFE4EF6092B}.Release|Any CPU.ActiveCfg = Release|Any CPU
		{FEAE9922-5DE3-4AF0-B2EF-0CFE4EF6092B}.Release|Any CPU.Build.0 = Release|Any CPU
	EndGlobalSection
	GlobalSection(SolutionProperties) = preSolution
		HideSolutionNode = FALSE
	EndGlobalSection
	GlobalSection(ExtensibilityGlobals) = postSolution
		SolutionGuid = {E91E175F-9CE9-4D35-9B2D-2B35FDBC1B15}
	EndGlobalSection
EndGlobal
